
Microsoft Visual Studio Solution File, Format Version 12.00
# Visual Studio Version 16
VisualStudioVersion = 16.0.29409.12
MinimumVisualStudioVersion = 10.0.40219.1
Project("{FAE04EC0-301F-11D3-BF4B-00C04F79EFBC}") = "1010 - Simple Calculation", "1010 - Simple Calculation.csproj", "{A7F85C59-D34C-4F2F-B227-98804D6007BB}"
EndProject
Global
	GlobalSection(SolutionConfigurationPlatforms) = preSolution
		Debug|Any CPU = Debug|Any CPU
		Release|Any CPU = Release|Any CPU
	EndGlobalSection
	GlobalSection(ProjectConfigurationPlatforms) = postSolution
		{A7F85C59-D34C-4F2F-B227-98804D6007BB}.Debug|Any CPU.ActiveCfg = Debug|Any CPU
		{A7F85C59-D34C-4F2F-B227-98804D6007BB}.Debug|Any CPU.Build.0 = Debug|Any CPU
		{A7F85C59-D34C-4F2F-B227-98804D6007BB}.Release|Any CPU.ActiveCfg = Release|Any CPU
		{A7F85C59-D34C-4F2F-B227-98804D6007BB}.Release|Any CPU.Build.0 = Release|Any CPU
	EndGlobalSection
	GlobalSection(SolutionProperties) = preSolution
		HideSolutionNode = FALSE
	EndGlobalSection
	GlobalSection(ExtensibilityGlobals) = postSolution
		SolutionGuid = {33B314FE-DACF-4A8A-9F35-84354171C7CB}
	EndGlobalSection
EndGlobal
