
Microsoft Visual Studio Solution File, Format Version 12.00
# Visual Studio Version 16
VisualStudioVersion = 16.0.29409.12
MinimumVisualStudioVersion = 10.0.40219.1
Project("{FAE04EC0-301F-11D3-BF4B-00C04F79EFBC}") = "1004 - Simple Product", "1004 - Simple Product.csproj", "{DEBFD225-2688-407D-AAE9-68E98C690389}"
EndProject
Global
	GlobalSection(SolutionConfigurationPlatforms) = preSolution
		Debug|Any CPU = Debug|Any CPU
		Release|Any CPU = Release|Any CPU
	EndGlobalSection
	GlobalSection(ProjectConfigurationPlatforms) = postSolution
		{DEBFD225-2688-407D-AAE9-68E98C690389}.Debug|Any CPU.ActiveCfg = Debug|Any CPU
		{DEBFD225-2688-407D-AAE9-68E98C690389}.Debug|Any CPU.Build.0 = Debug|Any CPU
		{DEBFD225-2688-407D-AAE9-68E98C690389}.Release|Any CPU.ActiveCfg = Release|Any CPU
		{DEBFD225-2688-407D-AAE9-68E98C690389}.Release|Any CPU.Build.0 = Release|Any CPU
	EndGlobalSection
	GlobalSection(SolutionProperties) = preSolution
		HideSolutionNode = FALSE
	EndGlobalSection
	GlobalSection(ExtensibilityGlobals) = postSolution
		SolutionGuid = {5407BFF2-E198-40D9-A2E5-82D1C1D38B82}
	EndGlobalSection
EndGlobal
