
Microsoft Visual Studio Solution File, Format Version 12.00
# Visual Studio Version 16
VisualStudioVersion = 16.0.29409.12
MinimumVisualStudioVersion = 10.0.40219.1
Project("{FAE04EC0-301F-11D3-BF4B-00C04F79EFBC}") = "1012 - Area", "1012 - Area.csproj", "{1431D803-6362-4018-883C-508908746B97}"
EndProject
Global
	GlobalSection(SolutionConfigurationPlatforms) = preSolution
		Debug|Any CPU = Debug|Any CPU
		Release|Any CPU = Release|Any CPU
	EndGlobalSection
	GlobalSection(ProjectConfigurationPlatforms) = postSolution
		{1431D803-6362-4018-883C-508908746B97}.Debug|Any CPU.ActiveCfg = Debug|Any CPU
		{1431D803-6362-4018-883C-508908746B97}.Debug|Any CPU.Build.0 = Debug|Any CPU
		{1431D803-6362-4018-883C-508908746B97}.Release|Any CPU.ActiveCfg = Release|Any CPU
		{1431D803-6362-4018-883C-508908746B97}.Release|Any CPU.Build.0 = Release|Any CPU
	EndGlobalSection
	GlobalSection(SolutionProperties) = preSolution
		HideSolutionNode = FALSE
	EndGlobalSection
	GlobalSection(ExtensibilityGlobals) = postSolution
		SolutionGuid = {3E39F839-DFBC-423B-B56B-7B23B3966A8D}
	EndGlobalSection
EndGlobal
