
Microsoft Visual Studio Solution File, Format Version 12.00
# Visual Studio Version 16
VisualStudioVersion = 16.0.29409.12
MinimumVisualStudioVersion = 10.0.40219.1
Project("{FAE04EC0-301F-11D3-BF4B-00C04F79EFBC}") = "1014 - Consume", "1014 - Consume.csproj", "{1E08B95E-623D-4E93-BA09-2E3477B7BE7F}"
EndProject
Global
	GlobalSection(SolutionConfigurationPlatforms) = preSolution
		Debug|Any CPU = Debug|Any CPU
		Release|Any CPU = Release|Any CPU
	EndGlobalSection
	GlobalSection(ProjectConfigurationPlatforms) = postSolution
		{1E08B95E-623D-4E93-BA09-2E3477B7BE7F}.Debug|Any CPU.ActiveCfg = Debug|Any CPU
		{1E08B95E-623D-4E93-BA09-2E3477B7BE7F}.Debug|Any CPU.Build.0 = Debug|Any CPU
		{1E08B95E-623D-4E93-BA09-2E3477B7BE7F}.Release|Any CPU.ActiveCfg = Release|Any CPU
		{1E08B95E-623D-4E93-BA09-2E3477B7BE7F}.Release|Any CPU.Build.0 = Release|Any CPU
	EndGlobalSection
	GlobalSection(SolutionProperties) = preSolution
		HideSolutionNode = FALSE
	EndGlobalSection
	GlobalSection(ExtensibilityGlobals) = postSolution
		SolutionGuid = {6ADE0C2B-6B10-4875-88E9-A4CCBD6AB18C}
	EndGlobalSection
EndGlobal
