
Microsoft Visual Studio Solution File, Format Version 12.00
# Visual Studio Version 16
VisualStudioVersion = 16.0.29409.12
MinimumVisualStudioVersion = 10.0.40219.1
Project("{FAE04EC0-301F-11D3-BF4B-00C04F79EFBC}") = "1020 - Age on Days", "1020 - Age on Days.csproj", "{768D4ED2-F184-45CD-8B43-9DB4A0C5FC9C}"
EndProject
Global
	GlobalSection(SolutionConfigurationPlatforms) = preSolution
		Debug|Any CPU = Debug|Any CPU
		Release|Any CPU = Release|Any CPU
	EndGlobalSection
	GlobalSection(ProjectConfigurationPlatforms) = postSolution
		{768D4ED2-F184-45CD-8B43-9DB4A0C5FC9C}.Debug|Any CPU.ActiveCfg = Debug|Any CPU
		{768D4ED2-F184-45CD-8B43-9DB4A0C5FC9C}.Debug|Any CPU.Build.0 = Debug|Any CPU
		{768D4ED2-F184-45CD-8B43-9DB4A0C5FC9C}.Release|Any CPU.ActiveCfg = Release|Any CPU
		{768D4ED2-F184-45CD-8B43-9DB4A0C5FC9C}.Release|Any CPU.Build.0 = Release|Any CPU
	EndGlobalSection
	GlobalSection(SolutionProperties) = preSolution
		HideSolutionNode = FALSE
	EndGlobalSection
	GlobalSection(ExtensibilityGlobals) = postSolution
		SolutionGuid = {030EF481-E2E5-4F88-925D-D7746567EEB7}
	EndGlobalSection
EndGlobal
