
Microsoft Visual Studio Solution File, Format Version 12.00
# Visual Studio Version 16
VisualStudioVersion = 16.0.29409.12
MinimumVisualStudioVersion = 10.0.40219.1
Project("{FAE04EC0-301F-11D3-BF4B-00C04F79EFBC}") = "1021 - Banknotes and Coins", "1021 - Banknotes and Coins.csproj", "{C8899B7D-5111-46CE-BD1B-25C586958E79}"
EndProject
Global
	GlobalSection(SolutionConfigurationPlatforms) = preSolution
		Debug|Any CPU = Debug|Any CPU
		Release|Any CPU = Release|Any CPU
	EndGlobalSection
	GlobalSection(ProjectConfigurationPlatforms) = postSolution
		{C8899B7D-5111-46CE-BD1B-25C586958E79}.Debug|Any CPU.ActiveCfg = Debug|Any CPU
		{C8899B7D-5111-46CE-BD1B-25C586958E79}.Debug|Any CPU.Build.0 = Debug|Any CPU
		{C8899B7D-5111-46CE-BD1B-25C586958E79}.Release|Any CPU.ActiveCfg = Release|Any CPU
		{C8899B7D-5111-46CE-BD1B-25C586958E79}.Release|Any CPU.Build.0 = Release|Any CPU
	EndGlobalSection
	GlobalSection(SolutionProperties) = preSolution
		HideSolutionNode = FALSE
	EndGlobalSection
	GlobalSection(ExtensibilityGlobals) = postSolution
		SolutionGuid = {13394718-D971-4B51-A4ED-A12681AB5CAC}
	EndGlobalSection
EndGlobal
